// !$*UTF8*$!
{
	archiveVersion = 1;
	classes = {
	};
	objectVersion = 55;
	objects = {

/* Begin PBXBuildFile section */
		6EEB844B278E542C00A29884 /* Tests_iOS.swift in Sources */ = {isa = PBXBuildFile; fileRef = 6EEB844A278E542C00A29884 /* Tests_iOS.swift */; };
		6EEB844D278E542C00A29884 /* Tests_iOSLaunchTests.swift in Sources */ = {isa = PBXBuildFile; fileRef = 6EEB844C278E542C00A29884 /* Tests_iOSLaunchTests.swift */; };
		6EEB8457278E542C00A29884 /* Tests_macOS.swift in Sources */ = {isa = PBXBuildFile; fileRef = 6EEB8456278E542C00A29884 /* Tests_macOS.swift */; };
		6EEB8459278E542C00A29884 /* Tests_macOSLaunchTests.swift in Sources */ = {isa = PBXBuildFile; fileRef = 6EEB8458278E542C00A29884 /* Tests_macOSLaunchTests.swift */; };
		6EEB845A278E542C00A29884 /* currency_exchange.xcdatamodeld in Sources */ = {isa = PBXBuildFile; fileRef = 6EEB842F278E542B00A29884 /* currency_exchange.xcdatamodeld */; };
		6EEB845B278E542C00A29884 /* currency_exchange.xcdatamodeld in Sources */ = {isa = PBXBuildFile; fileRef = 6EEB842F278E542B00A29884 /* currency_exchange.xcdatamodeld */; };
		6EEB845C278E542C00A29884 /* currency_exchangeApp.swift in Sources */ = {isa = PBXBuildFile; fileRef = 6EEB8431278E542B00A29884 /* currency_exchangeApp.swift */; };
		6EEB845D278E542C00A29884 /* currency_exchangeApp.swift in Sources */ = {isa = PBXBuildFile; fileRef = 6EEB8431278E542B00A29884 /* currency_exchangeApp.swift */; };
		6EEB845E278E542C00A29884 /* ContentView.swift in Sources */ = {isa = PBXBuildFile; fileRef = 6EEB8432278E542B00A29884 /* ContentView.swift */; };
		6EEB845F278E542C00A29884 /* ContentView.swift in Sources */ = {isa = PBXBuildFile; fileRef = 6EEB8432278E542B00A29884 /* ContentView.swift */; };
		6EEB8460278E542C00A29884 /* Persistence.swift in Sources */ = {isa = PBXBuildFile; fileRef = 6EEB8433278E542B00A29884 /* Persistence.swift */; };
		6EEB8461278E542C00A29884 /* Persistence.swift in Sources */ = {isa = PBXBuildFile; fileRef = 6EEB8433278E542B00A29884 /* Persistence.swift */; };
		6EEB8462278E542C00A29884 /* Assets.xcassets in Resources */ = {isa = PBXBuildFile; fileRef = 6EEB8434278E542C00A29884 /* Assets.xcassets */; };
		6EEB8463278E542C00A29884 /* Assets.xcassets in Resources */ = {isa = PBXBuildFile; fileRef = 6EEB8434278E542C00A29884 /* Assets.xcassets */; };
/* End PBXBuildFile section */

/* Begin PBXContainerItemProxy section */
		6EEB8447278E542C00A29884 /* PBXContainerItemProxy */ = {
			isa = PBXContainerItemProxy;
			containerPortal = 6EEB842A278E542B00A29884 /* Project object */;
			proxyType = 1;
			remoteGlobalIDString = 6EEB8438278E542C00A29884;
			remoteInfo = "currency-exchange (iOS)";
		};
		6EEB8453278E542C00A29884 /* PBXContainerItemProxy */ = {
			isa = PBXContainerItemProxy;
			containerPortal = 6EEB842A278E542B00A29884 /* Project object */;
			proxyType = 1;
			remoteGlobalIDString = 6EEB843E278E542C00A29884;
			remoteInfo = "currency-exchange (macOS)";
		};
/* End PBXContainerItemProxy section */

/* Begin PBXFileReference section */
		6EEB8430278E542B00A29884 /* Shared.xcdatamodel */ = {isa = PBXFileReference; lastKnownFileType = wrapper.xcdatamodel; path = Shared.xcdatamodel; sourceTree = "<group>"; };
		6EEB8431278E542B00A29884 /* currency_exchangeApp.swift */ = {isa = PBXFileReference; lastKnownFileType = sourcecode.swift; path = currency_exchangeApp.swift; sourceTree = "<group>"; };
		6EEB8432278E542B00A29884 /* ContentView.swift */ = {isa = PBXFileReference; lastKnownFileType = sourcecode.swift; path = ContentView.swift; sourceTree = "<group>"; };
		6EEB8433278E542B00A29884 /* Persistence.swift */ = {isa = PBXFileReference; lastKnownFileType = sourcecode.swift; path = Persistence.swift; sourceTree = "<group>"; };
		6EEB8434278E542C00A29884 /* Assets.xcassets */ = {isa = PBXFileReference; lastKnownFileType = folder.assetcatalog; path = Assets.xcassets; sourceTree = "<group>"; };
		6EEB8439278E542C00A29884 /* currency-exchange.app */ = {isa = PBXFileReference; explicitFileType = wrapper.application; includeInIndex = 0; path = "currency-exchange.app"; sourceTree = BUILT_PRODUCTS_DIR; };
		6EEB843F278E542C00A29884 /* currency-exchange.app */ = {isa = PBXFileReference; explicitFileType = wrapper.application; includeInIndex = 0; path = "currency-exchange.app"; sourceTree = BUILT_PRODUCTS_DIR; };
		6EEB8441278E542C00A29884 /* macOS.entitlements */ = {isa = PBXFileReference; lastKnownFileType = text.plist.entitlements; path = macOS.entitlements; sourceTree = "<group>"; };
		6EEB8446278E542C00A29884 /* Tests iOS.xctest */ = {isa = PBXFileReference; explicitFileType = wrapper.cfbundle; includeInIndex = 0; path = "Tests iOS.xctest"; sourceTree = BUILT_PRODUCTS_DIR; };
		6EEB844A278E542C00A29884 /* Tests_iOS.swift */ = {isa = PBXFileReference; lastKnownFileType = sourcecode.swift; path = Tests_iOS.swift; sourceTree = "<group>"; };
		6EEB844C278E542C00A29884 /* Tests_iOSLaunchTests.swift */ = {isa = PBXFileReference; lastKnownFileType = sourcecode.swift; path = Tests_iOSLaunchTests.swift; sourceTree = "<group>"; };
		6EEB8452278E542C00A29884 /* Tests macOS.xctest */ = {isa = PBXFileReference; explicitFileType = wrapper.cfbundle; includeInIndex = 0; path = "Tests macOS.xctest"; sourceTree = BUILT_PRODUCTS_DIR; };
		6EEB8456278E542C00A29884 /* Tests_macOS.swift */ = {isa = PBXFileReference; lastKnownFileType = sourcecode.swift; path = Tests_macOS.swift; sourceTree = "<group>"; };
		6EEB8458278E542C00A29884 /* Tests_macOSLaunchTests.swift */ = {isa = PBXFileReference; lastKnownFileType = sourcecode.swift; path = Tests_macOSLaunchTests.swift; sourceTree = "<group>"; };
/* End PBXFileReference section */

/* Begin PBXFrameworksBuildPhase section */
		6EEB8436278E542C00A29884 /* Frameworks */ = {
			isa = PBXFrameworksBuildPhase;
			buildActionMask = 2147483647;
			files = (
			);
			runOnlyForDeploymentPostprocessing = 0;
		};
		6EEB843C278E542C00A29884 /* Frameworks */ = {
			isa = PBXFrameworksBuildPhase;
			buildActionMask = 2147483647;
			files = (
			);
			runOnlyForDeploymentPostprocessing = 0;
		};
		6EEB8443278E542C00A29884 /* Frameworks */ = {
			isa = PBXFrameworksBuildPhase;
			buildActionMask = 2147483647;
			files = (
			);
			runOnlyForDeploymentPostprocessing = 0;
		};
		6EEB844F278E542C00A29884 /* Frameworks */ = {
			isa = PBXFrameworksBuildPhase;
			buildActionMask = 2147483647;
			files = (
			);
			runOnlyForDeploymentPostprocessing = 0;
		};
/* End PBXFrameworksBuildPhase section */

/* Begin PBXGroup section */
		6EEB8429278E542B00A29884 = {
			isa = PBXGroup;
			children = (
				6EEB842E278E542B00A29884 /* Shared */,
				6EEB8440278E542C00A29884 /* macOS */,
				6EEB8449278E542C00A29884 /* Tests iOS */,
				6EEB8455278E542C00A29884 /* Tests macOS */,
				6EEB843A278E542C00A29884 /* Products */,
			);
			sourceTree = "<group>";
		};
		6EEB842E278E542B00A29884 /* Shared */ = {
			isa = PBXGroup;
			children = (
				6EEB8431278E542B00A29884 /* currency_exchangeApp.swift */,
				6EEB8432278E542B00A29884 /* ContentView.swift */,
				6EEB8433278E542B00A29884 /* Persistence.swift */,
				6EEB8434278E542C00A29884 /* Assets.xcassets */,
				6EEB842F278E542B00A29884 /* currency_exchange.xcdatamodeld */,
			);
			path = Shared;
			sourceTree = "<group>";
		};
		6EEB843A278E542C00A29884 /* Products */ = {
			isa = PBXGroup;
			children = (
				6EEB8439278E542C00A29884 /* currency-exchange.app */,
				6EEB843F278E542C00A29884 /* currency-exchange.app */,
				6EEB8446278E542C00A29884 /* Tests iOS.xctest */,
				6EEB8452278E542C00A29884 /* Tests macOS.xctest */,
			);
			name = Products;
			sourceTree = "<group>";
		};
		6EEB8440278E542C00A29884 /* macOS */ = {
			isa = PBXGroup;
			children = (
				6EEB8441278E542C00A29884 /* macOS.entitlements */,
			);
			path = macOS;
			sourceTree = "<group>";
		};
		6EEB8449278E542C00A29884 /* Tests iOS */ = {
			isa = PBXGroup;
			children = (
				6EEB844A278E542C00A29884 /* Tests_iOS.swift */,
				6EEB844C278E542C00A29884 /* Tests_iOSLaunchTests.swift */,
			);
			path = "Tests iOS";
			sourceTree = "<group>";
		};
		6EEB8455278E542C00A29884 /* Tests macOS */ = {
			isa = PBXGroup;
			children = (
				6EEB8456278E542C00A29884 /* Tests_macOS.swift */,
				6EEB8458278E542C00A29884 /* Tests_macOSLaunchTests.swift */,
			);
			path = "Tests macOS";
			sourceTree = "<group>";
		};
/* End PBXGroup section */

/* Begin PBXNativeTarget section */
		6EEB8438278E542C00A29884 /* currency-exchange (iOS) */ = {
			isa = PBXNativeTarget;
			buildConfigurationList = 6EEB8466278E542C00A29884 /* Build configuration list for PBXNativeTarget "currency-exchange (iOS)" */;
			buildPhases = (
				6EEB8435278E542C00A29884 /* Sources */,
				6EEB8436278E542C00A29884 /* Frameworks */,
				6EEB8437278E542C00A29884 /* Resources */,
			);
			buildRules = (
			);
			dependencies = (
			);
			name = "currency-exchange (iOS)";
			productName = "currency-exchange (iOS)";
			productReference = 6EEB8439278E542C00A29884 /* currency-exchange.app */;
			productType = "com.apple.product-type.application";
		};
		6EEB843E278E542C00A29884 /* currency-exchange (macOS) */ = {
			isa = PBXNativeTarget;
			buildConfigurationList = 6EEB8469278E542C00A29884 /* Build configuration list for PBXNativeTarget "currency-exchange (macOS)" */;
			buildPhases = (
				6EEB843B278E542C00A29884 /* Sources */,
				6EEB843C278E542C00A29884 /* Frameworks */,
				6EEB843D278E542C00A29884 /* Resources */,
			);
			buildRules = (
			);
			dependencies = (
			);
			name = "currency-exchange (macOS)";
			productName = "currency-exchange (macOS)";
			productReference = 6EEB843F278E542C00A29884 /* currency-exchange.app */;
			productType = "com.apple.product-type.application";
		};
		6EEB8445278E542C00A29884 /* Tests iOS */ = {
			isa = PBXNativeTarget;
			buildConfigurationList = 6EEB846C278E542C00A29884 /* Build configuration list for PBXNativeTarget "Tests iOS" */;
			buildPhases = (
				6EEB8442278E542C00A29884 /* Sources */,
				6EEB8443278E542C00A29884 /* Frameworks */,
				6EEB8444278E542C00A29884 /* Resources */,
			);
			buildRules = (
			);
			dependencies = (
				6EEB8448278E542C00A29884 /* PBXTargetDependency */,
			);
			name = "Tests iOS";
			productName = "Tests iOS";
			productReference = 6EEB8446278E542C00A29884 /* Tests iOS.xctest */;
			productType = "com.apple.product-type.bundle.ui-testing";
		};
		6EEB8451278E542C00A29884 /* Tests macOS */ = {
			isa = PBXNativeTarget;
			buildConfigurationList = 6EEB846F278E542C00A29884 /* Build configuration list for PBXNativeTarget "Tests macOS" */;
			buildPhases = (
				6EEB844E278E542C00A29884 /* Sources */,
				6EEB844F278E542C00A29884 /* Frameworks */,
				6EEB8450278E542C00A29884 /* Resources */,
			);
			buildRules = (
			);
			dependencies = (
				6EEB8454278E542C00A29884 /* PBXTargetDependency */,
			);
			name = "Tests macOS";
			productName = "Tests macOS";
			productReference = 6EEB8452278E542C00A29884 /* Tests macOS.xctest */;
			productType = "com.apple.product-type.bundle.ui-testing";
		};
/* End PBXNativeTarget section */

/* Begin PBXProject section */
		6EEB842A278E542B00A29884 /* Project object */ = {
			isa = PBXProject;
			attributes = {
				BuildIndependentTargetsInParallel = 1;
				LastSwiftUpdateCheck = 1320;
				LastUpgradeCheck = 1320;
				TargetAttributes = {
					6EEB8438278E542C00A29884 = {
						CreatedOnToolsVersion = 13.2.1;
					};
					6EEB843E278E542C00A29884 = {
						CreatedOnToolsVersion = 13.2.1;
					};
					6EEB8445278E542C00A29884 = {
						CreatedOnToolsVersion = 13.2.1;
						TestTargetID = 6EEB8438278E542C00A29884;
					};
					6EEB8451278E542C00A29884 = {
						CreatedOnToolsVersion = 13.2.1;
						TestTargetID = 6EEB843E278E542C00A29884;
					};
				};
			};
			buildConfigurationList = 6EEB842D278E542B00A29884 /* Build configuration list for PBXProject "currency-exchange" */;
			compatibilityVersion = "Xcode 13.0";
			developmentRegion = en;
			hasScannedForEncodings = 0;
			knownRegions = (
				en,
				Base,
			);
			mainGroup = 6EEB8429278E542B00A29884;
			packageReferences = (
			);
			productRefGroup = 6EEB843A278E542C00A29884 /* Products */;
			projectDirPath = "";
			projectRoot = "";
			targets = (
				6EEB8438278E542C00A29884 /* currency-exchange (iOS) */,
				6EEB843E278E542C00A29884 /* currency-exchange (macOS) */,
				6EEB8445278E542C00A29884 /* Tests iOS */,
				6EEB8451278E542C00A29884 /* Tests macOS */,
			);
		};
/* End PBXProject section */

/* Begin PBXResourcesBuildPhase section */
		6EEB8437278E542C00A29884 /* Resources */ = {
			isa = PBXResourcesBuildPhase;
			buildActionMask = 2147483647;
			files = (
				6EEB8462278E542C00A29884 /* Assets.xcassets in Resources */,
			);
			runOnlyForDeploymentPostprocessing = 0;
		};
		6EEB843D278E542C00A29884 /* Resources */ = {
			isa = PBXResourcesBuildPhase;
			buildActionMask = 2147483647;
			files = (
				6EEB8463278E542C00A29884 /* Assets.xcassets in Resources */,
			);
			runOnlyForDeploymentPostprocessing = 0;
		};
		6EEB8444278E542C00A29884 /* Resources */ = {
			isa = PBXResourcesBuildPhase;
			buildActionMask = 2147483647;
			files = (
			);
			runOnlyForDeploymentPostprocessing = 0;
		};
		6EEB8450278E542C00A29884 /* Resources */ = {
			isa = PBXResourcesBuildPhase;
			buildActionMask = 2147483647;
			files = (
			);
			runOnlyForDeploymentPostprocessing = 0;
		};
/* End PBXResourcesBuildPhase section */

/* Begin PBXSourcesBuildPhase section */
		6EEB8435278E542C00A29884 /* Sources */ = {
			isa = PBXSourcesBuildPhase;
			buildActionMask = 2147483647;
			files = (
				6EEB845A278E542C00A29884 /* currency_exchange.xcdatamodeld in Sources */,
				6EEB8460278E542C00A29884 /* Persistence.swift in Sources */,
				6EEB845C278E542C00A29884 /* currency_exchangeApp.swift in Sources */,
				6EEB845E278E542C00A29884 /* ContentView.swift in Sources */,
			);
			runOnlyForDeploymentPostprocessing = 0;
		};
		6EEB843B278E542C00A29884 /* Sources */ = {
			isa = PBXSourcesBuildPhase;
			buildActionMask = 2147483647;
			files = (
				6EEB845B278E542C00A29884 /* currency_exchange.xcdatamodeld in Sources */,
				6EEB8461278E542C00A29884 /* Persistence.swift in Sources */,
				6EEB845D278E542C00A29884 /* currency_exchangeApp.swift in Sources */,
				6EEB845F278E542C00A29884 /* ContentView.swift in Sources */,
			);
			runOnlyForDeploymentPostprocessing = 0;
		};
		6EEB8442278E542C00A29884 /* Sources */ = {
			isa = PBXSourcesBuildPhase;
			buildActionMask = 2147483647;
			files = (
				6EEB844D278E542C00A29884 /* Tests_iOSLaunchTests.swift in Sources */,
				6EEB844B278E542C00A29884 /* Tests_iOS.swift in Sources */,
			);
			runOnlyForDeploymentPostprocessing = 0;
		};
		6EEB844E278E542C00A29884 /* Sources */ = {
			isa = PBXSourcesBuildPhase;
			buildActionMask = 2147483647;
			files = (
				6EEB8459278E542C00A29884 /* Tests_macOSLaunchTests.swift in Sources */,
				6EEB8457278E542C00A29884 /* Tests_macOS.swift in Sources */,
			);
			runOnlyForDeploymentPostprocessing = 0;
		};
/* End PBXSourcesBuildPhase section */

/* Begin PBXTargetDependency section */
		6EEB8448278E542C00A29884 /* PBXTargetDependency */ = {
			isa = PBXTargetDependency;
			target = 6EEB8438278E542C00A29884 /* currency-exchange (iOS) */;
			targetProxy = 6EEB8447278E542C00A29884 /* PBXContainerItemProxy */;
		};
		6EEB8454278E542C00A29884 /* PBXTargetDependency */ = {
			isa = PBXTargetDependency;
			target = 6EEB843E278E542C00A29884 /* currency-exchange (macOS) */;
			targetProxy = 6EEB8453278E542C00A29884 /* PBXContainerItemProxy */;
		};
/* End PBXTargetDependency section */

/* Begin XCBuildConfiguration section */
		6EEB8464278E542C00A29884 /* Debug */ = {
			isa = XCBuildConfiguration;
			buildSettings = {
				ALWAYS_SEARCH_USER_PATHS = NO;
				CLANG_ANALYZER_NONNULL = YES;
				CLANG_ANALYZER_NUMBER_OBJECT_CONVERSION = YES_AGGRESSIVE;
				CLANG_CXX_LANGUAGE_STANDARD = "gnu++17";
				CLANG_CXX_LIBRARY = "libc++";
				CLANG_ENABLE_MODULES = YES;
				CLANG_ENABLE_OBJC_ARC = YES;
				CLANG_ENABLE_OBJC_WEAK = YES;
				CLANG_WARN_BLOCK_CAPTURE_AUTORELEASING = YES;
				CLANG_WARN_BOOL_CONVERSION = YES;
				CLANG_WARN_COMMA = YES;
				CLANG_WARN_CONSTANT_CONVERSION = YES;
				CLANG_WARN_DEPRECATED_OBJC_IMPLEMENTATIONS = YES;
				CLANG_WARN_DIRECT_OBJC_ISA_USAGE = YES_ERROR;
				CLANG_WARN_DOCUMENTATION_COMMENTS = YES;
				CLANG_WARN_EMPTY_BODY = YES;
				CLANG_WARN_ENUM_CONVERSION = YES;
				CLANG_WARN_INFINITE_RECURSION = YES;
				CLANG_WARN_INT_CONVERSION = YES;
				CLANG_WARN_NON_LITERAL_NULL_CONVERSION = YES;
				CLANG_WARN_OBJC_IMPLICIT_RETAIN_SELF = YES;
				CLANG_WARN_OBJC_LITERAL_CONVERSION = YES;
				CLANG_WARN_OBJC_ROOT_CLASS = YES_ERROR;
				CLANG_WARN_QUOTED_INCLUDE_IN_FRAMEWORK_HEADER = YES;
				CLANG_WARN_RANGE_LOOP_ANALYSIS = YES;
				CLANG_WARN_STRICT_PROTOTYPES = YES;
				CLANG_WARN_SUSPICIOUS_MOVE = YES;
				CLANG_WARN_UNGUARDED_AVAILABILITY = YES_AGGRESSIVE;
				CLANG_WARN_UNREACHABLE_CODE = YES;
				CLANG_WARN__DUPLICATE_METHOD_MATCH = YES;
				COPY_PHASE_STRIP = NO;
				DEBUG_INFORMATION_FORMAT = dwarf;
				ENABLE_STRICT_OBJC_MSGSEND = YES;
				ENABLE_TESTABILITY = YES;
				GCC_C_LANGUAGE_STANDARD = gnu11;
				GCC_DYNAMIC_NO_PIC = NO;
				GCC_NO_COMMON_BLOCKS = YES;
				GCC_OPTIMIZATION_LEVEL = 0;
				GCC_PREPROCESSOR_DEFINITIONS = (
					"DEBUG=1",
					"$(inherited)",
				);
				GCC_WARN_64_TO_32_BIT_CONVERSION = YES;
				GCC_WARN_ABOUT_RETURN_TYPE = YES_ERROR;
				GCC_WARN_UNDECLARED_SELECTOR = YES;
				GCC_WARN_UNINITIALIZED_AUTOS = YES_AGGRESSIVE;
				GCC_WARN_UNUSED_FUNCTION = YES;
				GCC_WARN_UNUSED_VARIABLE = YES;
				MTL_ENABLE_DEBUG_INFO = INCLUDE_SOURCE;
				MTL_FAST_MATH = YES;
				ONLY_ACTIVE_ARCH = YES;
				SWIFT_ACTIVE_COMPILATION_CONDITIONS = DEBUG;
				SWIFT_OPTIMIZATION_LEVEL = "-Onone";
			};
			name = Debug;
		};
		6EEB8465278E542C00A29884 /* Release */ = {
			isa = XCBuildConfiguration;
			buildSettings = {
				ALWAYS_SEARCH_USER_PATHS = NO;
				CLANG_ANALYZER_NONNULL = YES;
				CLANG_ANALYZER_NUMBER_OBJECT_CONVERSION = YES_AGGRESSIVE;
				CLANG_CXX_LANGUAGE_STANDARD = "gnu++17";
				CLANG_CXX_LIBRARY = "libc++";
				CLANG_ENABLE_MODULES = YES;
				CLANG_ENABLE_OBJC_ARC = YES;
				CLANG_ENABLE_OBJC_WEAK = YES;
				CLANG_WARN_BLOCK_CAPTURE_AUTORELEASING = YES;
				CLANG_WARN_BOOL_CONVERSION = YES;
				CLANG_WARN_COMMA = YES;
				CLANG_WARN_CONSTANT_CONVERSION = YES;
				CLANG_WARN_DEPRECATED_OBJC_IMPLEMENTATIONS = YES;
				CLANG_WARN_DIRECT_OBJC_ISA_USAGE = YES_ERROR;
				CLANG_WARN_DOCUMENTATION_COMMENTS = YES;
				CLANG_WARN_EMPTY_BODY = YES;
				CLANG_WARN_ENUM_CONVERSION = YES;
				CLANG_WARN_INFINITE_RECURSION = YES;
				CLANG_WARN_INT_CONVERSION = YES;
				CLANG_WARN_NON_LITERAL_NULL_CONVERSION = YES;
				CLANG_WARN_OBJC_IMPLICIT_RETAIN_SELF = YES;
				CLANG_WARN_OBJC_LITERAL_CONVERSION = YES;
				CLANG_WARN_OBJC_ROOT_CLASS = YES_ERROR;
				CLANG_WARN_QUOTED_INCLUDE_IN_FRAMEWORK_HEADER = YES;
				CLANG_WARN_RANGE_LOOP_ANALYSIS = YES;
				CLANG_WARN_STRICT_PROTOTYPES = YES;
				CLANG_WARN_SUSPICIOUS_MOVE = YES;
				CLANG_WARN_UNGUARDED_AVAILABILITY = YES_AGGRESSIVE;
				CLANG_WARN_UNREACHABLE_CODE = YES;
				CLANG_WARN__DUPLICATE_METHOD_MATCH = YES;
				COPY_PHASE_STRIP = NO;
				DEBUG_INFORMATION_FORMAT = "dwarf-with-dsym";
				ENABLE_NS_ASSERTIONS = NO;
				ENABLE_STRICT_OBJC_MSGSEND = YES;
				GCC_C_LANGUAGE_STANDARD = gnu11;
				GCC_NO_COMMON_BLOCKS = YES;
				GCC_WARN_64_TO_32_BIT_CONVERSION = YES;
				GCC_WARN_ABOUT_RETURN_TYPE = YES_ERROR;
				GCC_WARN_UNDECLARED_SELECTOR = YES;
				GCC_WARN_UNINITIALIZED_AUTOS = YES_AGGRESSIVE;
				GCC_WARN_UNUSED_FUNCTION = YES;
				GCC_WARN_UNUSED_VARIABLE = YES;
				MTL_ENABLE_DEBUG_INFO = NO;
				MTL_FAST_MATH = YES;
				SWIFT_COMPILATION_MODE = wholemodule;
				SWIFT_OPTIMIZATION_LEVEL = "-O";
			};
			name = Release;
		};
		6EEB8467278E542C00A29884 /* Debug */ = {
			isa = XCBuildConfiguration;
			buildSettings = {
				ASSETCATALOG_COMPILER_APPICON_NAME = AppIcon;
				ASSETCATALOG_COMPILER_GLOBAL_ACCENT_COLOR_NAME = AccentColor;
				CODE_SIGN_STYLE = Automatic;
				CURRENT_PROJECT_VERSION = 1;
				ENABLE_PREVIEWS = YES;
				GENERATE_INFOPLIST_FILE = YES;
				INFOPLIST_KEY_UIApplicationSceneManifest_Generation = YES;
				INFOPLIST_KEY_UIApplicationSupportsIndirectInputEvents = YES;
				INFOPLIST_KEY_UILaunchScreen_Generation = YES;
				INFOPLIST_KEY_UISupportedInterfaceOrientations_iPad = "UIInterfaceOrientationPortrait UIInterfaceOrientationPortraitUpsideDown UIInterfaceOrientationLandscapeLeft UIInterfaceOrientationLandscapeRight";
				INFOPLIST_KEY_UISupportedInterfaceOrientations_iPhone = "UIInterfaceOrientationPortrait UIInterfaceOrientationLandscapeLeft UIInterfaceOrientationLandscapeRight";
				IPHONEOS_DEPLOYMENT_TARGET = 15.2;
				LD_RUNPATH_SEARCH_PATHS = (
					"$(inherited)",
					"@executable_path/Frameworks",
				);
				MARKETING_VERSION = 1.0;
				PRODUCT_BUNDLE_IDENTIFIER = "com.ahmedbasha.currency-exchange";
				PRODUCT_NAME = "currency-exchange";
				SDKROOT = iphoneos;
				SWIFT_EMIT_LOC_STRINGS = YES;
				SWIFT_VERSION = 5.0;
				TARGETED_DEVICE_FAMILY = "1,2";
			};
			name = Debug;
		};
		6EEB8468278E542C00A29884 /* Release */ = {
			isa = XCBuildConfiguration;
			buildSettings = {
				ASSETCATALOG_COMPILER_APPICON_NAME = AppIcon;
				ASSETCATALOG_COMPILER_GLOBAL_ACCENT_COLOR_NAME = AccentColor;
				CODE_SIGN_STYLE = Automatic;
				CURRENT_PROJECT_VERSION = 1;
				ENABLE_PREVIEWS = YES;
				GENERATE_INFOPLIST_FILE = YES;
				INFOPLIST_KEY_UIApplicationSceneManifest_Generation = YES;
				INFOPLIST_KEY_UIApplicationSupportsIndirectInputEvents = YES;
				INFOPLIST_KEY_UILaunchScreen_Generation = YES;
				INFOPLIST_KEY_UISupportedInterfaceOrientations_iPad = "UIInterfaceOrientationPortrait UIInterfaceOrientationPortraitUpsideDown UIInterfaceOrientationLandscapeLeft UIInterfaceOrientationLandscapeRight";
				INFOPLIST_KEY_UISupportedInterfaceOrientations_iPhone = "UIInterfaceOrientationPortrait UIInterfaceOrientationLandscapeLeft UIInterfaceOrientationLandscapeRight";
				IPHONEOS_DEPLOYMENT_TARGET = 15.2;
				LD_RUNPATH_SEARCH_PATHS = (
					"$(inherited)",
					"@executable_path/Frameworks",
				);
				MARKETING_VERSION = 1.0;
				PRODUCT_BUNDLE_IDENTIFIER = "com.ahmedbasha.currency-exchange";
				PRODUCT_NAME = "currency-exchange";
				SDKROOT = iphoneos;
				SWIFT_EMIT_LOC_STRINGS = YES;
				SWIFT_VERSION = 5.0;
				TARGETED_DEVICE_FAMILY = "1,2";
				VALIDATE_PRODUCT = YES;
			};
			name = Release;
		};
		6EEB846A278E542C00A29884 /* Debug */ = {
			isa = XCBuildConfiguration;
			buildSettings = {
				ASSETCATALOG_COMPILER_APPICON_NAME = AppIcon;
				ASSETCATALOG_COMPILER_GLOBAL_ACCENT_COLOR_NAME = AccentColor;
				CODE_SIGN_ENTITLEMENTS = macOS/macOS.entitlements;
				CODE_SIGN_STYLE = Automatic;
				COMBINE_HIDPI_IMAGES = YES;
				CURRENT_PROJECT_VERSION = 1;
				ENABLE_PREVIEWS = YES;
				GENERATE_INFOPLIST_FILE = YES;
				INFOPLIST_KEY_NSHumanReadableCopyright = "";
				LD_RUNPATH_SEARCH_PATHS = (
					"$(inherited)",
					"@executable_path/../Frameworks",
				);
				MACOSX_DEPLOYMENT_TARGET = 12.1;
				MARKETING_VERSION = 1.0;
				PRODUCT_BUNDLE_IDENTIFIER = "com.ahmedbasha.currency-exchange";
				PRODUCT_NAME = "currency-exchange";
				SDKROOT = macosx;
				SWIFT_EMIT_LOC_STRINGS = YES;
				SWIFT_VERSION = 5.0;
			};
			name = Debug;
		};
		6EEB846B278E542C00A29884 /* Release */ = {
			isa = XCBuildConfiguration;
			buildSettings = {
				ASSETCATALOG_COMPILER_APPICON_NAME = AppIcon;
				ASSETCATALOG_COMPILER_GLOBAL_ACCENT_COLOR_NAME = AccentColor;
				CODE_SIGN_ENTITLEMENTS = macOS/macOS.entitlements;
				CODE_SIGN_STYLE = Automatic;
				COMBINE_HIDPI_IMAGES = YES;
				CURRENT_PROJECT_VERSION = 1;
				ENABLE_PREVIEWS = YES;
				GENERATE_INFOPLIST_FILE = YES;
				INFOPLIST_KEY_NSHumanReadableCopyright = "";
				LD_RUNPATH_SEARCH_PATHS = (
					"$(inherited)",
					"@executable_path/../Frameworks",
				);
				MACOSX_DEPLOYMENT_TARGET = 12.1;
				MARKETING_VERSION = 1.0;
				PRODUCT_BUNDLE_IDENTIFIER = "com.ahmedbasha.currency-exchange";
				PRODUCT_NAME = "currency-exchange";
				SDKROOT = macosx;
				SWIFT_EMIT_LOC_STRINGS = YES;
				SWIFT_VERSION = 5.0;
			};
			name = Release;
		};
		6EEB846D278E542C00A29884 /* Debug */ = {
			isa = XCBuildConfiguration;
			buildSettings = {
				ALWAYS_EMBED_SWIFT_STANDARD_LIBRARIES = YES;
				CODE_SIGN_STYLE = Automatic;
				CURRENT_PROJECT_VERSION = 1;
				GENERATE_INFOPLIST_FILE = YES;
				IPHONEOS_DEPLOYMENT_TARGET = 15.2;
				MARKETING_VERSION = 1.0;
				PRODUCT_BUNDLE_IDENTIFIER = "com.ahmedbasha.Tests-iOS";
				PRODUCT_NAME = "$(TARGET_NAME)";
				SDKROOT = iphoneos;
				SWIFT_EMIT_LOC_STRINGS = NO;
				SWIFT_VERSION = 5.0;
				TARGETED_DEVICE_FAMILY = "1,2";
				TEST_TARGET_NAME = "currency-exchange (iOS)";
			};
			name = Debug;
		};
		6EEB846E278E542C00A29884 /* Release */ = {
			isa = XCBuildConfiguration;
			buildSettings = {
				ALWAYS_EMBED_SWIFT_STANDARD_LIBRARIES = YES;
				CODE_SIGN_STYLE = Automatic;
				CURRENT_PROJECT_VERSION = 1;
				GENERATE_INFOPLIST_FILE = YES;
				IPHONEOS_DEPLOYMENT_TARGET = 15.2;
				MARKETING_VERSION = 1.0;
				PRODUCT_BUNDLE_IDENTIFIER = "com.ahmedbasha.Tests-iOS";
				PRODUCT_NAME = "$(TARGET_NAME)";
				SDKROOT = iphoneos;
				SWIFT_EMIT_LOC_STRINGS = NO;
				SWIFT_VERSION = 5.0;
				TARGETED_DEVICE_FAMILY = "1,2";
				TEST_TARGET_NAME = "currency-exchange (iOS)";
				VALIDATE_PRODUCT = YES;
			};
			name = Release;
		};
		6EEB8470278E542C00A29884 /* Debug */ = {
			isa = XCBuildConfiguration;
			buildSettings = {
				ALWAYS_EMBED_SWIFT_STANDARD_LIBRARIES = YES;
				CODE_SIGN_STYLE = Automatic;
				CURRENT_PROJECT_VERSION = 1;
				GENERATE_INFOPLIST_FILE = YES;
				MACOSX_DEPLOYMENT_TARGET = 12.1;
				MARKETING_VERSION = 1.0;
				PRODUCT_BUNDLE_IDENTIFIER = "com.ahmedbasha.Tests-macOS";
				PRODUCT_NAME = "$(TARGET_NAME)";
				SDKROOT = macosx;
				SWIFT_EMIT_LOC_STRINGS = NO;
				SWIFT_VERSION = 5.0;
				TEST_TARGET_NAME = "currency-exchange (macOS)";
			};
			name = Debug;
		};
		6EEB8471278E542C00A29884 /* Release */ = {
			isa = XCBuildConfiguration;
			buildSettings = {
				ALWAYS_EMBED_SWIFT_STANDARD_LIBRARIES = YES;
				CODE_SIGN_STYLE = Automatic;
				CURRENT_PROJECT_VERSION = 1;
				GENERATE_INFOPLIST_FILE = YES;
				MACOSX_DEPLOYMENT_TARGET = 12.1;
				MARKETING_VERSION = 1.0;
				PRODUCT_BUNDLE_IDENTIFIER = "com.ahmedbasha.Tests-macOS";
				PRODUCT_NAME = "$(TARGET_NAME)";
				SDKROOT = macosx;
				SWIFT_EMIT_LOC_STRINGS = NO;
				SWIFT_VERSION = 5.0;
				TEST_TARGET_NAME = "currency-exchange (macOS)";
			};
			name = Release;
		};
/* End XCBuildConfiguration section */

/* Begin XCConfigurationList section */
		6EEB842D278E542B00A29884 /* Build configuration list for PBXProject "currency-exchange" */ = {
			isa = XCConfigurationList;
			buildConfigurations = (
				6EEB8464278E542C00A29884 /* Debug */,
				6EEB8465278E542C00A29884 /* Release */,
			);
			defaultConfigurationIsVisible = 0;
			defaultConfigurationName = Release;
		};
		6EEB8466278E542C00A29884 /* Build configuration list for PBXNativeTarget "currency-exchange (iOS)" */ = {
			isa = XCConfigurationList;
			buildConfigurations = (
				6EEB8467278E542C00A29884 /* Debug */,
				6EEB8468278E542C00A29884 /* Release */,
			);
			defaultConfigurationIsVisible = 0;
			defaultConfigurationName = Release;
		};
		6EEB8469278E542C00A29884 /* Build configuration list for PBXNativeTarget "currency-exchange (macOS)" */ = {
			isa = XCConfigurationList;
			buildConfigurations = (
				6EEB846A278E542C00A29884 /* Debug */,
				6EEB846B278E542C00A29884 /* Release */,
			);
			defaultConfigurationIsVisible = 0;
			defaultConfigurationName = Release;
		};
		6EEB846C278E542C00A29884 /* Build configuration list for PBXNativeTarget "Tests iOS" */ = {
			isa = XCConfigurationList;
			buildConfigurations = (
				6EEB846D278E542C00A29884 /* Debug */,
				6EEB846E278E542C00A29884 /* Release */,
			);
			defaultConfigurationIsVisible = 0;
			defaultConfigurationName = Release;
		};
		6EEB846F278E542C00A29884 /* Build configuration list for PBXNativeTarget "Tests macOS" */ = {
			isa = XCConfigurationList;
			buildConfigurations = (
				6EEB8470278E542C00A29884 /* Debug */,
				6EEB8471278E542C00A29884 /* Release */,
			);
			defaultConfigurationIsVisible = 0;
			defaultConfigurationName = Release;
		};
/* End XCConfigurationList section */

/* Begin XCVersionGroup section */
		6EEB842F278E542B00A29884 /* currency_exchange.xcdatamodeld */ = {
			isa = XCVersionGroup;
			children = (
				6EEB8430278E542B00A29884 /* Shared.xcdatamodel */,
			);
			currentVersion = 6EEB8430278E542B00A29884 /* Shared.xcdatamodel */;
			path = currency_exchange.xcdatamodeld;
			sourceTree = "<group>";
			versionGroupType = wrapper.xcdatamodel;
		};
/* End XCVersionGroup section */
	};
	rootObject = 6EEB842A278E542B00A29884 /* Project object */;
}
